
Microsoft Visual Studio Solution File, Format Version 12.00
# Visual Studio Version 17
VisualStudioVersion = 17.0.31903.59
MinimumVisualStudioVersion = 10.0.40219.1
Project("{2150E333-8FDC-42A3-9474-1A3956D46DE8}") = "src", "src", "{827E0CD3-B72D-47B6-A68D-7590B98EB39B}"
EndProject
Project("{FAE04EC0-301F-11D3-BF4B-00C04F79EFBC}") = "DbDelta.Core", "src\DbDelta.Core\DbDelta.Core.csproj", "{DD3AC501-E7A2-4FC8-8B68-407CB265C9FC}"
EndProject
Project("{FAE04EC0-301F-11D3-BF4B-00C04F79EFBC}") = "DbDelta.Shared", "src\DbDelta.Shared\DbDelta.Shared.csproj", "{0B42F9A8-D170-402E-AD4E-29F9C37FFDBB}"
EndProject
Project("{FAE04EC0-301F-11D3-BF4B-00C04F79EFBC}") = "DbDelta.Providers.LiveDb", "src\DbDelta.Providers.LiveDb\DbDelta.Providers.LiveDb.csproj", "{BD755776-DB7C-404A-8D95-CEC8E10F47AD}"
EndProject
Project("{FAE04EC0-301F-11D3-BF4B-00C04F79EFBC}") = "DbDelta.Persistence", "src\DbDelta.Persistence\DbDelta.Persistence.csproj", "{12814D81-F078-4BB0-80D6-FC803F10A9E4}"
EndProject
Project("{FAE04EC0-301F-11D3-BF4B-00C04F79EFBC}") = "DbDelta.Cli", "src\DbDelta.Cli\DbDelta.Cli.csproj", "{08D212F4-55DA-46EC-A3F8-A116F8314963}"
EndProject
Project("{2150E333-8FDC-42A3-9474-1A3956D46DE8}") = "tests", "tests", "{0AB3BF05-4346-4AA6-1389-037BE0695223}"
EndProject
Project("{FAE04EC0-301F-11D3-BF4B-00C04F79EFBC}") = "DbDelta.Core.UnitTests", "tests\DbDelta.Core.UnitTests\DbDelta.Core.UnitTests.csproj", "{E4056D93-49C9-461C-A1A7-80DFBB6B0434}"
EndProject
Project("{FAE04EC0-301F-11D3-BF4B-00C04F79EFBC}") = "DbDelta.Architecture.Tests", "tests\DbDelta.Architecture.Tests\DbDelta.Architecture.Tests.csproj", "{0C01CECC-1647-466A-BBF7-EFA3DAFB553E}"
EndProject
Project("{FAE04EC0-301F-11D3-BF4B-00C04F79EFBC}") = "DbDelta.Providers.LiveDb.IntegrationTests", "tests\DbDelta.Providers.LiveDb.IntegrationTests\DbDelta.Providers.LiveDb.IntegrationTests.csproj", "{C5AAE546-34A6-4F0D-835B-F57B56D2066A}"
EndProject
Project("{FAE04EC0-301F-11D3-BF4B-00C04F79EFBC}") = "DbDelta.ScriptGen.GoldenTests", "tests\DbDelta.ScriptGen.GoldenTests\DbDelta.ScriptGen.GoldenTests.csproj", "{EFAA0826-B15B-45CA-BCE4-9C09AA7EF3A9}"
EndProject
Project("{FAE04EC0-301F-11D3-BF4B-00C04F79EFBC}") = "DbDelta.Cli.AcceptanceTests", "tests\DbDelta.Cli.AcceptanceTests\DbDelta.Cli.AcceptanceTests.csproj", "{BED63AFB-72DF-4156-87F4-D401D78F1466}"
EndProject
Project("{FAE04EC0-301F-11D3-BF4B-00C04F79EFBC}") = "DbDelta.App.Avalonia", "src\DbDelta.App.Avalonia\DbDelta.App.Avalonia.csproj", "{EDFA808A-5825-4F5A-971D-E235905CCC85}"
EndProject
Project("{FAE04EC0-301F-11D3-BF4B-00C04F79EFBC}") = "DbDelta.Persistence.UnitTests", "tests\DbDelta.Persistence.UnitTests\DbDelta.Persistence.UnitTests.csproj", "{5C5F55E9-6F46-472D-8D98-31658E601A65}"
EndProject
Project("{FAE04EC0-301F-11D3-BF4B-00C04F79EFBC}") = "DbDelta.Persistence.IntegrationTests", "tests\DbDelta.Persistence.IntegrationTests\DbDelta.Persistence.IntegrationTests.csproj", "{DF1DFAC3-D6C9-4673-8BD1-6BA00A11E374}"
EndProject
Project("{FAE04EC0-301F-11D3-BF4B-00C04F79EFBC}") = "DbDelta.App.HeadlessTests", "tests\DbDelta.App.HeadlessTests\DbDelta.App.HeadlessTests.csproj", "{58AC8F07-DE71-479B-88C5-BDEF4C6F88CF}"
EndProject
Project("{FAE04EC0-301F-11D3-BF4B-00C04F79EFBC}") = "DbDelta.Shared.UnitTests", "tests\DbDelta.Shared.UnitTests\DbDelta.Shared.UnitTests.csproj", "{A039CC46-DACC-4EC3-9789-5CBCDF4C7EF4}"
EndProject
Project("{2150E333-8FDC-42A3-9474-1A3956D46DE8}") = "bench", "bench", "{760AB15A-8938-8D9B-BEDE-5CE1484B84C3}"
EndProject
Project("{FAE04EC0-301F-11D3-BF4B-00C04F79EFBC}") = "DbDelta.Benchmarks", "bench\DbDelta.Benchmarks\DbDelta.Benchmarks.csproj", "{16C340BA-5E59-4F9F-BDA3-E75A52ADCE7C}"
EndProject
Project("{FAE04EC0-301F-11D3-BF4B-00C04F79EFBC}") = "DbDelta.Property.Tests", "tests\DbDelta.Property.Tests\DbDelta.Property.Tests.csproj", "{A28497F5-8D26-44AC-911F-A5429852D9DC}"
EndProject
Global
	GlobalSection(SolutionConfigurationPlatforms) = preSolution
		Debug|Any CPU = Debug|Any CPU
		Debug|x64 = Debug|x64
		Debug|x86 = Debug|x86
		Release|Any CPU = Release|Any CPU
		Release|x64 = Release|x64
		Release|x86 = Release|x86
	EndGlobalSection
	GlobalSection(ProjectConfigurationPlatforms) = postSolution
		{DD3AC501-E7A2-4FC8-8B68-407CB265C9FC}.Debug|Any CPU.ActiveCfg = Debug|Any CPU
		{DD3AC501-E7A2-4FC8-8B68-407CB265C9FC}.Debug|Any CPU.Build.0 = Debug|Any CPU
		{DD3AC501-E7A2-4FC8-8B68-407CB265C9FC}.Debug|x64.ActiveCfg = Debug|Any CPU
		{DD3AC501-E7A2-4FC8-8B68-407CB265C9FC}.Debug|x64.Build.0 = Debug|Any CPU
		{DD3AC501-E7A2-4FC8-8B68-407CB265C9FC}.Debug|x86.ActiveCfg = Debug|Any CPU
		{DD3AC501-E7A2-4FC8-8B68-407CB265C9FC}.Debug|x86.Build.0 = Debug|Any CPU
		{DD3AC501-E7A2-4FC8-8B68-407CB265C9FC}.Release|Any CPU.ActiveCfg = Release|Any CPU
		{DD3AC501-E7A2-4FC8-8B68-407CB265C9FC}.Release|Any CPU.Build.0 = Release|Any CPU
		{DD3AC501-E7A2-4FC8-8B68-407CB265C9FC}.Release|x64.ActiveCfg = Release|Any CPU
		{DD3AC501-E7A2-4FC8-8B68-407CB265C9FC}.Release|x64.Build.0 = Release|Any CPU
		{DD3AC501-E7A2-4FC8-8B68-407CB265C9FC}.Release|x86.ActiveCfg = Release|Any CPU
		{DD3AC501-E7A2-4FC8-8B68-407CB265C9FC}.Release|x86.Build.0 = Release|Any CPU
		{0B42F9A8-D170-402E-AD4E-29F9C37FFDBB}.Debug|Any CPU.ActiveCfg = Debug|Any CPU
		{0B42F9A8-D170-402E-AD4E-29F9C37FFDBB}.Debug|Any CPU.Build.0 = Debug|Any CPU
		{0B42F9A8-D170-402E-AD4E-29F9C37FFDBB}.Debug|x64.ActiveCfg = Debug|Any CPU
		{0B42F9A8-D170-402E-AD4E-29F9C37FFDBB}.Debug|x64.Build.0 = Debug|Any CPU
		{0B42F9A8-D170-402E-AD4E-29F9C37FFDBB}.Debug|x86.ActiveCfg = Debug|Any CPU
		{0B42F9A8-D170-402E-AD4E-29F9C37FFDBB}.Debug|x86.Build.0 = Debug|Any CPU
		{0B42F9A8-D170-402E-AD4E-29F9C37FFDBB}.Release|Any CPU.ActiveCfg = Release|Any CPU
		{0B42F9A8-D170-402E-AD4E-29F9C37FFDBB}.Release|Any CPU.Build.0 = Release|Any CPU
		{0B42F9A8-D170-402E-AD4E-29F9C37FFDBB}.Release|x64.ActiveCfg = Release|Any CPU
		{0B42F9A8-D170-402E-AD4E-29F9C37FFDBB}.Release|x64.Build.0 = Release|Any CPU
		{0B42F9A8-D170-402E-AD4E-29F9C37FFDBB}.Release|x86.ActiveCfg = Release|Any CPU
		{0B42F9A8-D170-402E-AD4E-29F9C37FFDBB}.Release|x86.Build.0 = Release|Any CPU
		{BD755776-DB7C-404A-8D95-CEC8E10F47AD}.Debug|Any CPU.ActiveCfg = Debug|Any CPU
		{BD755776-DB7C-404A-8D95-CEC8E10F47AD}.Debug|Any CPU.Build.0 = Debug|Any CPU
		{BD755776-DB7C-404A-8D95-CEC8E10F47AD}.Debug|x64.ActiveCfg = Debug|Any CPU
		{BD755776-DB7C-404A-8D95-CEC8E10F47AD}.Debug|x64.Build.0 = Debug|Any CPU
		{BD755776-DB7C-404A-8D95-CEC8E10F47AD}.Debug|x86.ActiveCfg = Debug|Any CPU
		{BD755776-DB7C-404A-8D95-CEC8E10F47AD}.Debug|x86.Build.0 = Debug|Any CPU
		{BD755776-DB7C-404A-8D95-CEC8E10F47AD}.Release|Any CPU.ActiveCfg = Release|Any CPU
		{BD755776-DB7C-404A-8D95-CEC8E10F47AD}.Release|Any CPU.Build.0 = Release|Any CPU
		{BD755776-DB7C-404A-8D95-CEC8E10F47AD}.Release|x64.ActiveCfg = Release|Any CPU
		{BD755776-DB7C-404A-8D95-CEC8E10F47AD}.Release|x64.Build.0 = Release|Any CPU
		{BD755776-DB7C-404A-8D95-CEC8E10F47AD}.Release|x86.ActiveCfg = Release|Any CPU
		{BD755776-DB7C-404A-8D95-CEC8E10F47AD}.Release|x86.Build.0 = Release|Any CPU
		{12814D81-F078-4BB0-80D6-FC803F10A9E4}.Debug|Any CPU.ActiveCfg = Debug|Any CPU
		{12814D81-F078-4BB0-80D6-FC803F10A9E4}.Debug|Any CPU.Build.0 = Debug|Any CPU
		{12814D81-F078-4BB0-80D6-FC803F10A9E4}.Debug|x64.ActiveCfg = Debug|Any CPU
		{12814D81-F078-4BB0-80D6-FC803F10A9E4}.Debug|x64.Build.0 = Debug|Any CPU
		{12814D81-F078-4BB0-80D6-FC803F10A9E4}.Debug|x86.ActiveCfg = Debug|Any CPU
		{12814D81-F078-4BB0-80D6-FC803F10A9E4}.Debug|x86.Build.0 = Debug|Any CPU
		{12814D81-F078-4BB0-80D6-FC803F10A9E4}.Release|Any CPU.ActiveCfg = Release|Any CPU
		{12814D81-F078-4BB0-80D6-FC803F10A9E4}.Release|Any CPU.Build.0 = Release|Any CPU
		{12814D81-F078-4BB0-80D6-FC803F10A9E4}.Release|x64.ActiveCfg = Release|Any CPU
		{12814D81-F078-4BB0-80D6-FC803F10A9E4}.Release|x64.Build.0 = Release|Any CPU
		{12814D81-F078-4BB0-80D6-FC803F10A9E4}.Release|x86.ActiveCfg = Release|Any CPU
		{12814D81-F078-4BB0-80D6-FC803F10A9E4}.Release|x86.Build.0 = Release|Any CPU
		{08D212F4-55DA-46EC-A3F8-A116F8314963}.Debug|Any CPU.ActiveCfg = Debug|Any CPU
		{08D212F4-55DA-46EC-A3F8-A116F8314963}.Debug|Any CPU.Build.0 = Debug|Any CPU
		{08D212F4-55DA-46EC-A3F8-A116F8314963}.Debug|x64.ActiveCfg = Debug|Any CPU
		{08D212F4-55DA-46EC-A3F8-A116F8314963}.Debug|x64.Build.0 = Debug|Any CPU
		{08D212F4-55DA-46EC-A3F8-A116F8314963}.Debug|x86.ActiveCfg = Debug|Any CPU
		{08D212F4-55DA-46EC-A3F8-A116F8314963}.Debug|x86.Build.0 = Debug|Any CPU
		{08D212F4-55DA-46EC-A3F8-A116F8314963}.Release|Any CPU.ActiveCfg = Release|Any CPU
		{08D212F4-55DA-46EC-A3F8-A116F8314963}.Release|Any CPU.Build.0 = Release|Any CPU
		{08D212F4-55DA-46EC-A3F8-A116F8314963}.Release|x64.ActiveCfg = Release|Any CPU
		{08D212F4-55DA-46EC-A3F8-A116F8314963}.Release|x64.Build.0 = Release|Any CPU
		{08D212F4-55DA-46EC-A3F8-A116F8314963}.Release|x86.ActiveCfg = Release|Any CPU
		{08D212F4-55DA-46EC-A3F8-A116F8314963}.Release|x86.Build.0 = Release|Any CPU
		{E4056D93-49C9-461C-A1A7-80DFBB6B0434}.Debug|Any CPU.ActiveCfg = Debug|Any CPU
		{E4056D93-49C9-461C-A1A7-80DFBB6B0434}.Debug|Any CPU.Build.0 = Debug|Any CPU
		{E4056D93-49C9-461C-A1A7-80DFBB6B0434}.Debug|x64.ActiveCfg = Debug|Any CPU
		{E4056D93-49C9-461C-A1A7-80DFBB6B0434}.Debug|x64.Build.0 = Debug|Any CPU
		{E4056D93-49C9-461C-A1A7-80DFBB6B0434}.Debug|x86.ActiveCfg = Debug|Any CPU
		{E4056D93-49C9-461C-A1A7-80DFBB6B0434}.Debug|x86.Build.0 = Debug|Any CPU
		{E4056D93-49C9-461C-A1A7-80DFBB6B0434}.Release|Any CPU.ActiveCfg = Release|Any CPU
		{E4056D93-49C9-461C-A1A7-80DFBB6B0434}.Release|Any CPU.Build.0 = Release|Any CPU
		{E4056D93-49C9-461C-A1A7-80DFBB6B0434}.Release|x64.ActiveCfg = Release|Any CPU
		{E4056D93-49C9-461C-A1A7-80DFBB6B0434}.Release|x64.Build.0 = Release|Any CPU
		{E4056D93-49C9-461C-A1A7-80DFBB6B0434}.Release|x86.ActiveCfg = Release|Any CPU
		{E4056D93-49C9-461C-A1A7-80DFBB6B0434}.Release|x86.Build.0 = Release|Any CPU
		{0C01CECC-1647-466A-BBF7-EFA3DAFB553E}.Debug|Any CPU.ActiveCfg = Debug|Any CPU
		{0C01CECC-1647-466A-BBF7-EFA3DAFB553E}.Debug|Any CPU.Build.0 = Debug|Any CPU
		{0C01CECC-1647-466A-BBF7-EFA3DAFB553E}.Debug|x64.ActiveCfg = Debug|Any CPU
		{0C01CECC-1647-466A-BBF7-EFA3DAFB553E}.Debug|x64.Build.0 = Debug|Any CPU
		{0C01CECC-1647-466A-BBF7-EFA3DAFB553E}.Debug|x86.ActiveCfg = Debug|Any CPU
		{0C01CECC-1647-466A-BBF7-EFA3DAFB553E}.Debug|x86.Build.0 = Debug|Any CPU
		{0C01CECC-1647-466A-BBF7-EFA3DAFB553E}.Release|Any CPU.ActiveCfg = Release|Any CPU
		{0C01CECC-1647-466A-BBF7-EFA3DAFB553E}.Release|Any CPU.Build.0 = Release|Any CPU
		{0C01CECC-1647-466A-BBF7-EFA3DAFB553E}.Release|x64.ActiveCfg = Release|Any CPU
		{0C01CECC-1647-466A-BBF7-EFA3DAFB553E}.Release|x64.Build.0 = Release|Any CPU
		{0C01CECC-1647-466A-BBF7-EFA3DAFB553E}.Release|x86.ActiveCfg = Release|Any CPU
		{0C01CECC-1647-466A-BBF7-EFA3DAFB553E}.Release|x86.Build.0 = Release|Any CPU
		{C5AAE546-34A6-4F0D-835B-F57B56D2066A}.Debug|Any CPU.ActiveCfg = Debug|Any CPU
		{C5AAE546-34A6-4F0D-835B-F57B56D2066A}.Debug|Any CPU.Build.0 = Debug|Any CPU
		{C5AAE546-34A6-4F0D-835B-F57B56D2066A}.Debug|x64.ActiveCfg = Debug|Any CPU
		{C5AAE546-34A6-4F0D-835B-F57B56D2066A}.Debug|x64.Build.0 = Debug|Any CPU
		{C5AAE546-34A6-4F0D-835B-F57B56D2066A}.Debug|x86.ActiveCfg = Debug|Any CPU
		{C5AAE546-34A6-4F0D-835B-F57B56D2066A}.Debug|x86.Build.0 = Debug|Any CPU
		{C5AAE546-34A6-4F0D-835B-F57B56D2066A}.Release|Any CPU.ActiveCfg = Release|Any CPU
		{C5AAE546-34A6-4F0D-835B-F57B56D2066A}.Release|Any CPU.Build.0 = Release|Any CPU
		{C5AAE546-34A6-4F0D-835B-F57B56D2066A}.Release|x64.ActiveCfg = Release|Any CPU
		{C5AAE546-34A6-4F0D-835B-F57B56D2066A}.Release|x64.Build.0 = Release|Any CPU
		{C5AAE546-34A6-4F0D-835B-F57B56D2066A}.Release|x86.ActiveCfg = Release|Any CPU
		{C5AAE546-34A6-4F0D-835B-F57B56D2066A}.Release|x86.Build.0 = Release|Any CPU
		{EFAA0826-B15B-45CA-BCE4-9C09AA7EF3A9}.Debug|Any CPU.ActiveCfg = Debug|Any CPU
		{EFAA0826-B15B-45CA-BCE4-9C09AA7EF3A9}.Debug|Any CPU.Build.0 = Debug|Any CPU
		{EFAA0826-B15B-45CA-BCE4-9C09AA7EF3A9}.Debug|x64.ActiveCfg = Debug|Any CPU
		{EFAA0826-B15B-45CA-BCE4-9C09AA7EF3A9}.Debug|x64.Build.0 = Debug|Any CPU
		{EFAA0826-B15B-45CA-BCE4-9C09AA7EF3A9}.Debug|x86.ActiveCfg = Debug|Any CPU
		{EFAA0826-B15B-45CA-BCE4-9C09AA7EF3A9}.Debug|x86.Build.0 = Debug|Any CPU
		{EFAA0826-B15B-45CA-BCE4-9C09AA7EF3A9}.Release|Any CPU.ActiveCfg = Release|Any CPU
		{EFAA0826-B15B-45CA-BCE4-9C09AA7EF3A9}.Release|Any CPU.Build.0 = Release|Any CPU
		{EFAA0826-B15B-45CA-BCE4-9C09AA7EF3A9}.Release|x64.ActiveCfg = Release|Any CPU
		{EFAA0826-B15B-45CA-BCE4-9C09AA7EF3A9}.Release|x64.Build.0 = Release|Any CPU
		{EFAA0826-B15B-45CA-BCE4-9C09AA7EF3A9}.Release|x86.ActiveCfg = Release|Any CPU
		{EFAA0826-B15B-45CA-BCE4-9C09AA7EF3A9}.Release|x86.Build.0 = Release|Any CPU
		{BED63AFB-72DF-4156-87F4-D401D78F1466}.Debug|Any CPU.ActiveCfg = Debug|Any CPU
		{BED63AFB-72DF-4156-87F4-D401D78F1466}.Debug|Any CPU.Build.0 = Debug|Any CPU
		{BED63AFB-72DF-4156-87F4-D401D78F1466}.Debug|x64.ActiveCfg = Debug|Any CPU
		{BED63AFB-72DF-4156-87F4-D401D78F1466}.Debug|x64.Build.0 = Debug|Any CPU
		{BED63AFB-72DF-4156-87F4-D401D78F1466}.Debug|x86.ActiveCfg = Debug|Any CPU
		{BED63AFB-72DF-4156-87F4-D401D78F1466}.Debug|x86.Build.0 = Debug|Any CPU
		{BED63AFB-72DF-4156-87F4-D401D78F1466}.Release|Any CPU.ActiveCfg = Release|Any CPU
		{BED63AFB-72DF-4156-87F4-D401D78F1466}.Release|Any CPU.Build.0 = Release|Any CPU
		{BED63AFB-72DF-4156-87F4-D401D78F1466}.Release|x64.ActiveCfg = Release|Any CPU
		{BED63AFB-72DF-4156-87F4-D401D78F1466}.Release|x64.Build.0 = Release|Any CPU
		{BED63AFB-72DF-4156-87F4-D401D78F1466}.Release|x86.ActiveCfg = Release|Any CPU
		{BED63AFB-72DF-4156-87F4-D401D78F1466}.Release|x86.Build.0 = Release|Any CPU
		{EDFA808A-5825-4F5A-971D-E235905CCC85}.Debug|Any CPU.ActiveCfg = Debug|Any CPU
		{EDFA808A-5825-4F5A-971D-E235905CCC85}.Debug|Any CPU.Build.0 = Debug|Any CPU
		{EDFA808A-5825-4F5A-971D-E235905CCC85}.Debug|x64.ActiveCfg = Debug|Any CPU
		{EDFA808A-5825-4F5A-971D-E235905CCC85}.Debug|x64.Build.0 = Debug|Any CPU
		{EDFA808A-5825-4F5A-971D-E235905CCC85}.Debug|x86.ActiveCfg = Debug|Any CPU
		{EDFA808A-5825-4F5A-971D-E235905CCC85}.Debug|x86.Build.0 = Debug|Any CPU
		{EDFA808A-5825-4F5A-971D-E235905CCC85}.Release|Any CPU.ActiveCfg = Release|Any CPU
		{EDFA808A-5825-4F5A-971D-E235905CCC85}.Release|Any CPU.Build.0 = Release|Any CPU
		{EDFA808A-5825-4F5A-971D-E235905CCC85}.Release|x64.ActiveCfg = Release|Any CPU
		{EDFA808A-5825-4F5A-971D-E235905CCC85}.Release|x64.Build.0 = Release|Any CPU
		{EDFA808A-5825-4F5A-971D-E235905CCC85}.Release|x86.ActiveCfg = Release|Any CPU
		{EDFA808A-5825-4F5A-971D-E235905CCC85}.Release|x86.Build.0 = Release|Any CPU
		{5C5F55E9-6F46-472D-8D98-31658E601A65}.Debug|Any CPU.ActiveCfg = Debug|Any CPU
		{5C5F55E9-6F46-472D-8D98-31658E601A65}.Debug|Any CPU.Build.0 = Debug|Any CPU
		{5C5F55E9-6F46-472D-8D98-31658E601A65}.Debug|x64.ActiveCfg = Debug|Any CPU
		{5C5F55E9-6F46-472D-8D98-31658E601A65}.Debug|x64.Build.0 = Debug|Any CPU
		{5C5F55E9-6F46-472D-8D98-31658E601A65}.Debug|x86.ActiveCfg = Debug|Any CPU
		{5C5F55E9-6F46-472D-8D98-31658E601A65}.Debug|x86.Build.0 = Debug|Any CPU
		{5C5F55E9-6F46-472D-8D98-31658E601A65}.Release|Any CPU.ActiveCfg = Release|Any CPU
		{5C5F55E9-6F46-472D-8D98-31658E601A65}.Release|Any CPU.Build.0 = Release|Any CPU
		{5C5F55E9-6F46-472D-8D98-31658E601A65}.Release|x64.ActiveCfg = Release|Any CPU
		{5C5F55E9-6F46-472D-8D98-31658E601A65}.Release|x64.Build.0 = Release|Any CPU
		{5C5F55E9-6F46-472D-8D98-31658E601A65}.Release|x86.ActiveCfg = Release|Any CPU
		{5C5F55E9-6F46-472D-8D98-31658E601A65}.Release|x86.Build.0 = Release|Any CPU
		{DF1DFAC3-D6C9-4673-8BD1-6BA00A11E374}.Debug|Any CPU.ActiveCfg = Debug|Any CPU
		{DF1DFAC3-D6C9-4673-8BD1-6BA00A11E374}.Debug|Any CPU.Build.0 = Debug|Any CPU
		{DF1DFAC3-D6C9-4673-8BD1-6BA00A11E374}.Debug|x64.ActiveCfg = Debug|Any CPU
		{DF1DFAC3-D6C9-4673-8BD1-6BA00A11E374}.Debug|x64.Build.0 = Debug|Any CPU
		{DF1DFAC3-D6C9-4673-8BD1-6BA00A11E374}.Debug|x86.ActiveCfg = Debug|Any CPU
		{DF1DFAC3-D6C9-4673-8BD1-6BA00A11E374}.Debug|x86.Build.0 = Debug|Any CPU
		{DF1DFAC3-D6C9-4673-8BD1-6BA00A11E374}.Release|Any CPU.ActiveCfg = Release|Any CPU
		{DF1DFAC3-D6C9-4673-8BD1-6BA00A11E374}.Release|Any CPU.Build.0 = Release|Any CPU
		{DF1DFAC3-D6C9-4673-8BD1-6BA00A11E374}.Release|x64.ActiveCfg = Release|Any CPU
		{DF1DFAC3-D6C9-4673-8BD1-6BA00A11E374}.Release|x64.Build.0 = Release|Any CPU
		{DF1DFAC3-D6C9-4673-8BD1-6BA00A11E374}.Release|x86.ActiveCfg = Release|Any CPU
		{DF1DFAC3-D6C9-4673-8BD1-6BA00A11E374}.Release|x86.Build.0 = Release|Any CPU
		{58AC8F07-DE71-479B-88C5-BDEF4C6F88CF}.Debug|Any CPU.ActiveCfg = Debug|Any CPU
		{58AC8F07-DE71-479B-88C5-BDEF4C6F88CF}.Debug|Any CPU.Build.0 = Debug|Any CPU
		{58AC8F07-DE71-479B-88C5-BDEF4C6F88CF}.Debug|x64.ActiveCfg = Debug|Any CPU
		{58AC8F07-DE71-479B-88C5-BDEF4C6F88CF}.Debug|x64.Build.0 = Debug|Any CPU
		{58AC8F07-DE71-479B-88C5-BDEF4C6F88CF}.Debug|x86.ActiveCfg = Debug|Any CPU
		{58AC8F07-DE71-479B-88C5-BDEF4C6F88CF}.Debug|x86.Build.0 = Debug|Any CPU
		{58AC8F07-DE71-479B-88C5-BDEF4C6F88CF}.Release|Any CPU.ActiveCfg = Release|Any CPU
		{58AC8F07-DE71-479B-88C5-BDEF4C6F88CF}.Release|Any CPU.Build.0 = Release|Any CPU
		{58AC8F07-DE71-479B-88C5-BDEF4C6F88CF}.Release|x64.ActiveCfg = Release|Any CPU
		{58AC8F07-DE71-479B-88C5-BDEF4C6F88CF}.Release|x64.Build.0 = Release|Any CPU
		{58AC8F07-DE71-479B-88C5-BDEF4C6F88CF}.Release|x86.ActiveCfg = Release|Any CPU
		{58AC8F07-DE71-479B-88C5-BDEF4C6F88CF}.Release|x86.Build.0 = Release|Any CPU
		{A039CC46-DACC-4EC3-9789-5CBCDF4C7EF4}.Debug|Any CPU.ActiveCfg = Debug|Any CPU
		{A039CC46-DACC-4EC3-9789-5CBCDF4C7EF4}.Debug|Any CPU.Build.0 = Debug|Any CPU
		{A039CC46-DACC-4EC3-9789-5CBCDF4C7EF4}.Debug|x64.ActiveCfg = Debug|Any CPU
		{A039CC46-DACC-4EC3-9789-5CBCDF4C7EF4}.Debug|x64.Build.0 = Debug|Any CPU
		{A039CC46-DACC-4EC3-9789-5CBCDF4C7EF4}.Debug|x86.ActiveCfg = Debug|Any CPU
		{A039CC46-DACC-4EC3-9789-5CBCDF4C7EF4}.Debug|x86.Build.0 = Debug|Any CPU
		{A039CC46-DACC-4EC3-9789-5CBCDF4C7EF4}.Release|Any CPU.ActiveCfg = Release|Any CPU
		{A039CC46-DACC-4EC3-9789-5CBCDF4C7EF4}.Release|Any CPU.Build.0 = Release|Any CPU
		{A039CC46-DACC-4EC3-9789-5CBCDF4C7EF4}.Release|x64.ActiveCfg = Release|Any CPU
		{A039CC46-DACC-4EC3-9789-5CBCDF4C7EF4}.Release|x64.Build.0 = Release|Any CPU
		{A039CC46-DACC-4EC3-9789-5CBCDF4C7EF4}.Release|x86.ActiveCfg = Release|Any CPU
		{A039CC46-DACC-4EC3-9789-5CBCDF4C7EF4}.Release|x86.Build.0 = Release|Any CPU
		{16C340BA-5E59-4F9F-BDA3-E75A52ADCE7C}.Debug|Any CPU.ActiveCfg = Debug|Any CPU
		{16C340BA-5E59-4F9F-BDA3-E75A52ADCE7C}.Debug|Any CPU.Build.0 = Debug|Any CPU
		{16C340BA-5E59-4F9F-BDA3-E75A52ADCE7C}.Debug|x64.ActiveCfg = Debug|Any CPU
		{16C340BA-5E59-4F9F-BDA3-E75A52ADCE7C}.Debug|x64.Build.0 = Debug|Any CPU
		{16C340BA-5E59-4F9F-BDA3-E75A52ADCE7C}.Debug|x86.ActiveCfg = Debug|Any CPU
		{16C340BA-5E59-4F9F-BDA3-E75A52ADCE7C}.Debug|x86.Build.0 = Debug|Any CPU
		{16C340BA-5E59-4F9F-BDA3-E75A52ADCE7C}.Release|Any CPU.ActiveCfg = Release|Any CPU
		{16C340BA-5E59-4F9F-BDA3-E75A52ADCE7C}.Release|Any CPU.Build.0 = Release|Any CPU
		{16C340BA-5E59-4F9F-BDA3-E75A52ADCE7C}.Release|x64.ActiveCfg = Release|Any CPU
		{16C340BA-5E59-4F9F-BDA3-E75A52ADCE7C}.Release|x64.Build.0 = Release|Any CPU
		{16C340BA-5E59-4F9F-BDA3-E75A52ADCE7C}.Release|x86.ActiveCfg = Release|Any CPU
		{16C340BA-5E59-4F9F-BDA3-E75A52ADCE7C}.Release|x86.Build.0 = Release|Any CPU
		{A28497F5-8D26-44AC-911F-A5429852D9DC}.Debug|Any CPU.ActiveCfg = Debug|Any CPU
		{A28497F5-8D26-44AC-911F-A5429852D9DC}.Debug|Any CPU.Build.0 = Debug|Any CPU
		{A28497F5-8D26-44AC-911F-A5429852D9DC}.Debug|x64.ActiveCfg = Debug|Any CPU
		{A28497F5-8D26-44AC-911F-A5429852D9DC}.Debug|x64.Build.0 = Debug|Any CPU
		{A28497F5-8D26-44AC-911F-A5429852D9DC}.Debug|x86.ActiveCfg = Debug|Any CPU
		{A28497F5-8D26-44AC-911F-A5429852D9DC}.Debug|x86.Build.0 = Debug|Any CPU
		{A28497F5-8D26-44AC-911F-A5429852D9DC}.Release|Any CPU.ActiveCfg = Release|Any CPU
		{A28497F5-8D26-44AC-911F-A5429852D9DC}.Release|Any CPU.Build.0 = Release|Any CPU
		{A28497F5-8D26-44AC-911F-A5429852D9DC}.Release|x64.ActiveCfg = Release|Any CPU
		{A28497F5-8D26-44AC-911F-A5429852D9DC}.Release|x64.Build.0 = Release|Any CPU
		{A28497F5-8D26-44AC-911F-A5429852D9DC}.Release|x86.ActiveCfg = Release|Any CPU
		{A28497F5-8D26-44AC-911F-A5429852D9DC}.Release|x86.Build.0 = Release|Any CPU
	EndGlobalSection
	GlobalSection(SolutionProperties) = preSolution
		HideSolutionNode = FALSE
	EndGlobalSection
	GlobalSection(NestedProjects) = preSolution
		{DD3AC501-E7A2-4FC8-8B68-407CB265C9FC} = {827E0CD3-B72D-47B6-A68D-7590B98EB39B}
		{0B42F9A8-D170-402E-AD4E-29F9C37FFDBB} = {827E0CD3-B72D-47B6-A68D-7590B98EB39B}
		{BD755776-DB7C-404A-8D95-CEC8E10F47AD} = {827E0CD3-B72D-47B6-A68D-7590B98EB39B}
		{12814D81-F078-4BB0-80D6-FC803F10A9E4} = {827E0CD3-B72D-47B6-A68D-7590B98EB39B}
		{08D212F4-55DA-46EC-A3F8-A116F8314963} = {827E0CD3-B72D-47B6-A68D-7590B98EB39B}
		{E4056D93-49C9-461C-A1A7-80DFBB6B0434} = {0AB3BF05-4346-4AA6-1389-037BE0695223}
		{0C01CECC-1647-466A-BBF7-EFA3DAFB553E} = {0AB3BF05-4346-4AA6-1389-037BE0695223}
		{C5AAE546-34A6-4F0D-835B-F57B56D2066A} = {0AB3BF05-4346-4AA6-1389-037BE0695223}
		{EFAA0826-B15B-45CA-BCE4-9C09AA7EF3A9} = {0AB3BF05-4346-4AA6-1389-037BE0695223}
		{BED63AFB-72DF-4156-87F4-D401D78F1466} = {0AB3BF05-4346-4AA6-1389-037BE0695223}
		{EDFA808A-5825-4F5A-971D-E235905CCC85} = {827E0CD3-B72D-47B6-A68D-7590B98EB39B}
		{5C5F55E9-6F46-472D-8D98-31658E601A65} = {0AB3BF05-4346-4AA6-1389-037BE0695223}
		{DF1DFAC3-D6C9-4673-8BD1-6BA00A11E374} = {0AB3BF05-4346-4AA6-1389-037BE0695223}
		{58AC8F07-DE71-479B-88C5-BDEF4C6F88CF} = {0AB3BF05-4346-4AA6-1389-037BE0695223}
		{A039CC46-DACC-4EC3-9789-5CBCDF4C7EF4} = {0AB3BF05-4346-4AA6-1389-037BE0695223}
		{16C340BA-5E59-4F9F-BDA3-E75A52ADCE7C} = {760AB15A-8938-8D9B-BEDE-5CE1484B84C3}
		{A28497F5-8D26-44AC-911F-A5429852D9DC} = {0AB3BF05-4346-4AA6-1389-037BE0695223}
	EndGlobalSection
EndGlobal
